
Microsoft Visual Studio Solution File, Format Version 12.00
# Visual Studio Version 17
VisualStudioVersion = 17.9.34622.214
MinimumVisualStudioVersion = 10.0.40219.1
Project("{9A19103F-16F7-4668-BE54-9A1E7A4F7556}") = "Domain", "Domain\Domain.csproj", "{18600991-A747-4184-A762-933C338A7C02}"
EndProject
Project("{9A19103F-16F7-4668-BE54-9A1E7A4F7556}") = "Application", "Application\Application.csproj", "{4A6BB8E1-8054-4E9B-8351-082BE2584601}"
EndProject
Project("{9A19103F-16F7-4668-BE54-9A1E7A4F7556}") = "Infrastructure", "Infrastructure\Infrastructure.csproj", "{B001D953-ED12-45F5-8474-927BFE8851F8}"
EndProject
Project("{FAE04EC0-301F-11D3-BF4B-00C04F79EFBC}") = "AccessControllApp", "AccessControllApp\AccessControllApp.csproj", "{CD715CBB-A4BC-42DF-B1B1-28CED6ED84A1}"
EndProject
Global
	GlobalSection(SolutionConfigurationPlatforms) = preSolution
		Debug|Any CPU = Debug|Any CPU
		Release|Any CPU = Release|Any CPU
	EndGlobalSection
	GlobalSection(ProjectConfigurationPlatforms) = postSolution
		{18600991-A747-4184-A762-933C338A7C02}.Debug|Any CPU.ActiveCfg = Debug|Any CPU
		{18600991-A747-4184-A762-933C338A7C02}.Debug|Any CPU.Build.0 = Debug|Any CPU
		{18600991-A747-4184-A762-933C338A7C02}.Release|Any CPU.ActiveCfg = Release|Any CPU
		{18600991-A747-4184-A762-933C338A7C02}.Release|Any CPU.Build.0 = Release|Any CPU
		{4A6BB8E1-8054-4E9B-8351-082BE2584601}.Debug|Any CPU.ActiveCfg = Debug|Any CPU
		{4A6BB8E1-8054-4E9B-8351-082BE2584601}.Debug|Any CPU.Build.0 = Debug|Any CPU
		{4A6BB8E1-8054-4E9B-8351-082BE2584601}.Release|Any CPU.ActiveCfg = Release|Any CPU
		{4A6BB8E1-8054-4E9B-8351-082BE2584601}.Release|Any CPU.Build.0 = Release|Any CPU
		{B001D953-ED12-45F5-8474-927BFE8851F8}.Debug|Any CPU.ActiveCfg = Debug|Any CPU
		{B001D953-ED12-45F5-8474-927BFE8851F8}.Debug|Any CPU.Build.0 = Debug|Any CPU
		{B001D953-ED12-45F5-8474-927BFE8851F8}.Release|Any CPU.ActiveCfg = Release|Any CPU
		{B001D953-ED12-45F5-8474-927BFE8851F8}.Release|Any CPU.Build.0 = Release|Any CPU
		{CD715CBB-A4BC-42DF-B1B1-28CED6ED84A1}.Debug|Any CPU.ActiveCfg = Debug|Any CPU
		{CD715CBB-A4BC-42DF-B1B1-28CED6ED84A1}.Debug|Any CPU.Build.0 = Debug|Any CPU
		{CD715CBB-A4BC-42DF-B1B1-28CED6ED84A1}.Release|Any CPU.ActiveCfg = Release|Any CPU
		{CD715CBB-A4BC-42DF-B1B1-28CED6ED84A1}.Release|Any CPU.Build.0 = Release|Any CPU
	EndGlobalSection
	GlobalSection(SolutionProperties) = preSolution
		HideSolutionNode = FALSE
	EndGlobalSection
	GlobalSection(ExtensibilityGlobals) = postSolution
		SolutionGuid = {6450016D-2649-42E7-B9F2-F0981E7FED94}
	EndGlobalSection
EndGlobal
